
Microsoft Visual Studio Solution File, Format Version 12.00
# Visual Studio Version 17
VisualStudioVersion = 17.9.34723.18
MinimumVisualStudioVersion = 10.0.40219.1
Project("{FAE04EC0-301F-11D3-BF4B-00C04F79EFBC}") = "Bff.Webapi", "Bff.Webapi\Bff.Webapi.csproj", "{289E2E70-3B95-4036-AB29-19CDCE9EAB2B}"
EndProject
Project("{E53339B2-1760-4266-BCC7-CA923CBCF16C}") = "docker-compose", "docker-compose.dcproj", "{1147898A-33E5-447D-BBF1-C1355A302D3C}"
EndProject
Global
	GlobalSection(SolutionConfigurationPlatforms) = preSolution
		Debug|Any CPU = Debug|Any CPU
		Release|Any CPU = Release|Any CPU
	EndGlobalSection
	GlobalSection(ProjectConfigurationPlatforms) = postSolution
		{289E2E70-3B95-4036-AB29-19CDCE9EAB2B}.Debug|Any CPU.ActiveCfg = Debug|Any CPU
		{289E2E70-3B95-4036-AB29-19CDCE9EAB2B}.Debug|Any CPU.Build.0 = Debug|Any CPU
		{289E2E70-3B95-4036-AB29-19CDCE9EAB2B}.Release|Any CPU.ActiveCfg = Release|Any CPU
		{289E2E70-3B95-4036-AB29-19CDCE9EAB2B}.Release|Any CPU.Build.0 = Release|Any CPU
		{1147898A-33E5-447D-BBF1-C1355A302D3C}.Debug|Any CPU.ActiveCfg = Debug|Any CPU
		{1147898A-33E5-447D-BBF1-C1355A302D3C}.Debug|Any CPU.Build.0 = Debug|Any CPU
		{1147898A-33E5-447D-BBF1-C1355A302D3C}.Release|Any CPU.ActiveCfg = Release|Any CPU
		{1147898A-33E5-447D-BBF1-C1355A302D3C}.Release|Any CPU.Build.0 = Release|Any CPU
	EndGlobalSection
	GlobalSection(SolutionProperties) = preSolution
		HideSolutionNode = FALSE
	EndGlobalSection
	GlobalSection(ExtensibilityGlobals) = postSolution
		SolutionGuid = {8F26F459-E74D-4E2C-8917-275C716F24A3}
	EndGlobalSection
EndGlobal
